<?xml version="1.0" encoding="utf-8"?>
<Project ToolsVersion="4.0" xmlns="http://schemas.microsoft.com/developer/msbuild/2003">
  <ItemGroup>
    <Filter Include="소스 파일">
      <UniqueIdentifier>{4FC737F1-C7A5-4376-A066-2A32D752A2FF}</UniqueIdentifier>
      <Extensions>cpp;c;cc;cxx;def;odl;idl;hpj;bat;asm;asmx</Extensions>
    </Filter>
    <Filter Include="헤더 파일">
      <UniqueIdentifier>{93995380-89BD-4b04-88EB-625FBE52EBFB}</UniqueIdentifier>
      <Extensions>h;hh;hpp;hxx;hm;inl;inc;xsd</Extensions>
    </Filter>
    <Filter Include="00. 3DFramework">
      <UniqueIdentifier>{cde2cc10-dd05-44ef-9f52-3c645bdc5360}</UniqueIdentifier>
    </Filter>
    <Filter Include="00. 3DFramework\00. GameNode">
      <UniqueIdentifier>{702c84a0-3180-4843-9eff-881954e03dea}</UniqueIdentifier>
    </Filter>
    <Filter Include="000. 리소스 파일">
      <UniqueIdentifier>{67DA6AB6-F800-4c08-8B7A-83BB121AAD01}</UniqueIdentifier>
      <Extensions>rc;ico;cur;bmp;dlg;rc2;rct;bin;rgs;gif;jpg;jpeg;jpe;resx;tiff;tif;png;wav;mfcribbon-ms</Extensions>
    </Filter>
    <Filter Include="01. MainGame">
      <UniqueIdentifier>{38e76402-5600-480a-aa6c-3940b100859c}</UniqueIdentifier>
    </Filter>
    <Filter Include="01. MainGame\00. Heenam">
      <UniqueIdentifier>{59291f20-b066-47c9-bc33-dc6840927f26}</UniqueIdentifier>
    </Filter>
    <Filter Include="01. MainGame\02. Hyunsik">
      <UniqueIdentifier>{265a07cc-8bb9-4a84-ac20-935b72888ef7}</UniqueIdentifier>
    </Filter>
    <Filter Include="00. 3DFramework\01. DirectX">
      <UniqueIdentifier>{422b99fe-23f6-447e-ac7a-2801c8cf6256}</UniqueIdentifier>
    </Filter>
    <Filter Include="00. 3DFramework\01. DirectX\00. Macro">
      <UniqueIdentifier>{4141e0f5-c6d8-4edc-8e07-e2c8dfeb7722}</UniqueIdentifier>
    </Filter>
    <Filter Include="00. 3DFramework\02. Timer">
      <UniqueIdentifier>{576ab538-2790-424d-b802-b32e45bc7832}</UniqueIdentifier>
    </Filter>
    <Filter Include="00. 3DFramework\03. Input">
      <UniqueIdentifier>{75435745-2a46-4551-bc0d-c0731c45af6a}</UniqueIdentifier>
    </Filter>
    <Filter Include="00. 3DFramework\04. Scene">
      <UniqueIdentifier>{28314ff9-7a89-4d00-a68c-cde627757e44}</UniqueIdentifier>
    </Filter>
    <Filter Include="01. MainGame\00. Heenam\01. MultiAnimation">
      <UniqueIdentifier>{1d9f8097-cf27-4f5e-aabb-ba0f0050d1ad}</UniqueIdentifier>
    </Filter>
    <Filter Include="01. MainGame\00. Heenam\00. Test">
      <UniqueIdentifier>{0abae09f-64b1-4f4e-9751-fbefb7bb8796}</UniqueIdentifier>
    </Filter>
    <Filter Include="01. MainGame\00. Heenam\00. Test\00. Mesh">
      <UniqueIdentifier>{151d6f70-3439-4f43-afb2-385e728e4911}</UniqueIdentifier>
    </Filter>
    <Filter Include="01. MainGame\00. Heenam\00. Test\01. XFile">
      <UniqueIdentifier>{b6d793ee-1028-4d6b-818d-1f8c7e965de7}</UniqueIdentifier>
    </Filter>
    <Filter Include="01. MainGame\00. Heenam\00. Test\02. Skinning">
      <UniqueIdentifier>{e0620b72-c12c-4e23-a5e7-7260d5b82ada}</UniqueIdentifier>
    </Filter>
    <Filter Include="01. MainGame\00. Heenam\01. MultiAnimation\00. AllocateHierarchy">
      <UniqueIdentifier>{be5bab21-eccb-4893-9f7f-7775feea25c2}</UniqueIdentifier>
    </Filter>
    <Filter Include="01. MainGame\00. Heenam\01. MultiAnimation\01. SkinnedMesh">
      <UniqueIdentifier>{995a9003-7b44-411e-9335-3c995bd86fe2}</UniqueIdentifier>
    </Filter>
    <Filter Include="01. MainGame\00. Heenam\00. Test\03. Shader">
      <UniqueIdentifier>{e9132066-0b81-42f6-ba8c-d8772ffacddc}</UniqueIdentifier>
    </Filter>
    <Filter Include="01. MainGame\00. Heenam\00. Test\03. Shader\00. ShaderBase">
      <UniqueIdentifier>{7ae29edc-016a-44c8-917a-440f54252a7f}</UniqueIdentifier>
    </Filter>
    <Filter Include="01. MainGame\00. Heenam\00. Test\04. HeightMap">
      <UniqueIdentifier>{f2cf445a-e034-4933-aac4-d6ace6a566ba}</UniqueIdentifier>
    </Filter>
    <Filter Include="00. 3DFramework\05. Texture">
      <UniqueIdentifier>{4a872b73-2cd7-4ecc-99e9-f2f30d974d2a}</UniqueIdentifier>
    </Filter>
    <Filter Include="01. MainGame\00. Heenam\00. Test\05. Sprite">
      <UniqueIdentifier>{ac6110f5-5dcd-4cfb-9734-d6c84157d866}</UniqueIdentifier>
    </Filter>
    <Filter Include="01. MainGame\02. Hyunsik\00. UI">
      <UniqueIdentifier>{e222d25b-18a5-4f62-bbbb-1866766d4119}</UniqueIdentifier>
    </Filter>
    <Filter Include="01. MainGame\02. Hyunsik\01. PlayerStat">
      <UniqueIdentifier>{00b978ff-625e-4f63-8f20-8392dd88dc12}</UniqueIdentifier>
    </Filter>
    <Filter Include="01. MainGame\02. Hyunsik\02. Item">
      <UniqueIdentifier>{eab4d63b-9bb9-4e79-bd24-dff00e1fed4e}</UniqueIdentifier>
    </Filter>
    <Filter Include="01. MainGame\01. Junseo">
      <UniqueIdentifier>{388da34c-6020-4d4f-a30e-56850b1d249d}</UniqueIdentifier>
    </Filter>
    <Filter Include="01. MainGame\01. Junseo\00.StartScene">
      <UniqueIdentifier>{bfc7ddb2-690a-4edd-bd9a-d7bd70dba2fc}</UniqueIdentifier>
    </Filter>
    <Filter Include="01. MainGame\01. Junseo\01.LoadingSecne">
      <UniqueIdentifier>{daa6b3f6-22ff-4650-9f80-55465b36a5fc}</UniqueIdentifier>
    </Filter>
    <Filter Include="01. MainGame\02. Hyunsik\03.Loading">
      <UniqueIdentifier>{081b4897-9eaa-4599-8f7e-124c45072b4f}</UniqueIdentifier>
    </Filter>
    <Filter Include="01. MainGame\02. Hyunsik\04.Progressbar">
      <UniqueIdentifier>{26ee4979-eda3-4adc-a07b-bdc1aadf8769}</UniqueIdentifier>
    </Filter>
  </ItemGroup>
  <ItemGroup>
    <ClInclude Include="stdafx.h">
      <Filter>헤더 파일</Filter>
    </ClInclude>
    <ClInclude Include="resource.h">
      <Filter>000. 리소스 파일</Filter>
    </ClInclude>
    <ClInclude Include="targetver.h">
      <Filter>000. 리소스 파일</Filter>
    </ClInclude>
    <ClInclude Include="HJHDirectX.h">
      <Filter>000. 리소스 파일</Filter>
    </ClInclude>
    <ClInclude Include="ClassHeader.h">
      <Filter>헤더 파일</Filter>
    </ClInclude>
    <ClInclude Include="MacroFunction.h">
      <Filter>헤더 파일</Filter>
    </ClInclude>
    <ClInclude Include="SingletonHeader.h">
      <Filter>헤더 파일</Filter>
    </ClInclude>
    <ClInclude Include="GameNode.h">
      <Filter>00. 3DFramework\00. GameNode</Filter>
    </ClInclude>
    <ClInclude Include="MainGame.h">
      <Filter>01. MainGame</Filter>
    </ClInclude>
    <ClInclude Include="Dx.h">
      <Filter>00. 3DFramework\01. DirectX</Filter>
    </ClInclude>
    <ClInclude Include="SingletonBase.h">
      <Filter>00. 3DFramework</Filter>
    </ClInclude>
    <ClInclude Include="DxLight.h">
      <Filter>00. 3DFramework\01. DirectX</Filter>
    </ClInclude>
    <ClInclude Include="DxGrid.h">
      <Filter>00. 3DFramework\01. DirectX</Filter>
    </ClInclude>
    <ClInclude Include="DxTypedef.h">
      <Filter>00. 3DFramework\01. DirectX\00. Macro</Filter>
    </ClInclude>
    <ClInclude Include="DxUtility.h">
      <Filter>00. 3DFramework\01. DirectX\00. Macro</Filter>
    </ClInclude>
    <ClInclude Include="DxCamera.h">
      <Filter>00. 3DFramework\01. DirectX</Filter>
    </ClInclude>
    <ClInclude Include="InputManager.h">
      <Filter>00. 3DFramework\03. Input</Filter>
    </ClInclude>
    <ClInclude Include="Timer.h">
      <Filter>00. 3DFramework\02. Timer</Filter>
    </ClInclude>
    <ClInclude Include="SceneManager.h">
      <Filter>00. 3DFramework\04. Scene</Filter>
    </ClInclude>
    <ClInclude Include="DxFont.h">
      <Filter>00. 3DFramework\01. DirectX</Filter>
    </ClInclude>
    <ClInclude Include="P00_MultiAnimationScene.h">
      <Filter>01. MainGame\00. Heenam\01. MultiAnimation</Filter>
    </ClInclude>
    <ClInclude Include="P00_TestMesh.h">
      <Filter>01. MainGame\00. Heenam\00. Test\00. Mesh</Filter>
    </ClInclude>
    <ClInclude Include="P00_TestScene.h">
      <Filter>01. MainGame\00. Heenam\00. Test</Filter>
    </ClInclude>
    <ClInclude Include="P00_TestMeshData.h">
      <Filter>01. MainGame\00. Heenam\00. Test\00. Mesh</Filter>
    </ClInclude>
    <ClInclude Include="P00_TestXFile.h">
      <Filter>01. MainGame\00. Heenam\00. Test\01. XFile</Filter>
    </ClInclude>
    <ClInclude Include="P00_TestXFileInstance.h">
      <Filter>01. MainGame\00. Heenam\00. Test\01. XFile</Filter>
    </ClInclude>
    <ClInclude Include="P00_TestXFilePure.h">
      <Filter>01. MainGame\00. Heenam\00. Test\01. XFile</Filter>
    </ClInclude>
    <ClInclude Include="P00_TestXFileScene.h">
      <Filter>01. MainGame\00. Heenam\00. Test\01. XFile</Filter>
    </ClInclude>
    <ClInclude Include="P00_TestSkinning.h">
      <Filter>01. MainGame\00. Heenam\00. Test\02. Skinning</Filter>
    </ClInclude>
    <ClInclude Include="P00_AllocateHierarchy.h">
      <Filter>01. MainGame\00. Heenam\01. MultiAnimation\00. AllocateHierarchy</Filter>
    </ClInclude>
    <ClInclude Include="P00_SkinnedMesh.h">
      <Filter>01. MainGame\00. Heenam\01. MultiAnimation\01. SkinnedMesh</Filter>
    </ClInclude>
    <ClInclude Include="P00_SkinnedMeshInstance.h">
      <Filter>01. MainGame\00. Heenam\01. MultiAnimation\01. SkinnedMesh</Filter>
    </ClInclude>
    <ClInclude Include="P00_SkinnedMeshPure.h">
      <Filter>01. MainGame\00. Heenam\01. MultiAnimation\01. SkinnedMesh</Filter>
    </ClInclude>
    <ClInclude Include="P00_MultiAnimationUnit.h">
      <Filter>01. MainGame\00. Heenam\01. MultiAnimation\01. SkinnedMesh</Filter>
    </ClInclude>
    <ClInclude Include="P00_TestShaderBase.h">
      <Filter>01. MainGame\00. Heenam\00. Test\03. Shader\00. ShaderBase</Filter>
    </ClInclude>
    <ClInclude Include="P00_TestShaderText.h">
      <Filter>01. MainGame\00. Heenam\00. Test\03. Shader\00. ShaderBase</Filter>
    </ClInclude>
    <ClInclude Include="P00_TestShaderMapping.h">
      <Filter>01. MainGame\00. Heenam\00. Test\03. Shader\00. ShaderBase</Filter>
    </ClInclude>
    <ClInclude Include="P00_TestSplatting.h">
      <Filter>01. MainGame\00. Heenam\00. Test\04. HeightMap</Filter>
    </ClInclude>
    <ClInclude Include="P00_TestAlphaTexture.h">
      <Filter>01. MainGame\00. Heenam\00. Test\04. HeightMap</Filter>
    </ClInclude>
    <ClInclude Include="TextureManager.h">
      <Filter>00. 3DFramework\05. Texture</Filter>
    </ClInclude>
    <ClInclude Include="Texture.h">
      <Filter>00. 3DFramework\05. Texture</Filter>
    </ClInclude>
    <ClInclude Include="P02_UIButtonScene.h">
      <Filter>01. MainGame\02. Hyunsik</Filter>
    </ClInclude>
    <ClInclude Include="P02_PlayerStat.h">
      <Filter>01. MainGame\02. Hyunsik\01. PlayerStat</Filter>
    </ClInclude>
    <ClInclude Include="P02_ItemBase.h">
      <Filter>01. MainGame\02. Hyunsik\02. Item</Filter>
    </ClInclude>
    <ClInclude Include="P01_StartMenuScene.h">
      <Filter>01. MainGame\01. Junseo\00.StartScene</Filter>
    </ClInclude>
    <ClInclude Include="P01_LoadingScene.h">
      <Filter>01. MainGame\01. Junseo\01.LoadingSecne</Filter>
    </ClInclude>
    <ClInclude Include="P02_UIButton.h">
      <Filter>01. MainGame\02. Hyunsik\00. UI</Filter>
    </ClInclude>
    <ClInclude Include="P02_Loading.h">
      <Filter>01. MainGame\02. Hyunsik\03.Loading</Filter>
    </ClInclude>
    <ClInclude Include="P02_Progressbar.h">
      <Filter>01. MainGame\02. Hyunsik\04.Progressbar</Filter>
    </ClInclude>
    <ClInclude Include="P02_UISroll.h">
      <Filter>01. MainGame\02. Hyunsik\00. UI</Filter>
    </ClInclude>
  </ItemGroup>
  <ItemGroup>
    <ClCompile Include="HJHDirectX.cpp">
      <Filter>소스 파일</Filter>
    </ClCompile>
    <ClCompile Include="stdafx.cpp">
      <Filter>000. 리소스 파일</Filter>
    </ClCompile>
    <ClCompile Include="GameNode.cpp">
      <Filter>00. 3DFramework\00. GameNode</Filter>
    </ClCompile>
    <ClCompile Include="MainGame.cpp">
      <Filter>01. MainGame</Filter>
    </ClCompile>
    <ClCompile Include="Dx.cpp">
      <Filter>00. 3DFramework\01. DirectX</Filter>
    </ClCompile>
    <ClCompile Include="DxGrid.cpp">
      <Filter>00. 3DFramework\01. DirectX</Filter>
    </ClCompile>
    <ClCompile Include="DxLight.cpp">
      <Filter>00. 3DFramework\01. DirectX</Filter>
    </ClCompile>
    <ClCompile Include="DxCamera.cpp">
      <Filter>00. 3DFramework\01. DirectX</Filter>
    </ClCompile>
    <ClCompile Include="InputManager.cpp">
      <Filter>00. 3DFramework\03. Input</Filter>
    </ClCompile>
    <ClCompile Include="Timer.cpp">
      <Filter>00. 3DFramework\02. Timer</Filter>
    </ClCompile>
    <ClCompile Include="SceneManager.cpp">
      <Filter>00. 3DFramework\04. Scene</Filter>
    </ClCompile>
    <ClCompile Include="DxFont.cpp">
      <Filter>00. 3DFramework\01. DirectX</Filter>
    </ClCompile>
    <ClCompile Include="P00_MultiAnimationScene.cpp">
      <Filter>01. MainGame\00. Heenam\01. MultiAnimation</Filter>
    </ClCompile>
    <ClCompile Include="P00_TestMesh.cpp">
      <Filter>01. MainGame\00. Heenam\00. Test\00. Mesh</Filter>
    </ClCompile>
    <ClCompile Include="P00_TestScene.cpp">
      <Filter>01. MainGame\00. Heenam\00. Test</Filter>
    </ClCompile>
    <ClCompile Include="P00_TestMeshData.cpp">
      <Filter>01. MainGame\00. Heenam\00. Test\00. Mesh</Filter>
    </ClCompile>
    <ClCompile Include="P00_TestXFile.cpp">
      <Filter>01. MainGame\00. Heenam\00. Test\01. XFile</Filter>
    </ClCompile>
    <ClCompile Include="P00_TestXFileInstance.cpp">
      <Filter>01. MainGame\00. Heenam\00. Test\01. XFile</Filter>
    </ClCompile>
    <ClCompile Include="P00_TestXFilePure.cpp">
      <Filter>01. MainGame\00. Heenam\00. Test\01. XFile</Filter>
    </ClCompile>
    <ClCompile Include="P00_TestXFileScene.cpp">
      <Filter>01. MainGame\00. Heenam\00. Test\01. XFile</Filter>
    </ClCompile>
    <ClCompile Include="P00_TestSkinning.cpp">
      <Filter>01. MainGame\00. Heenam\00. Test\02. Skinning</Filter>
    </ClCompile>
    <ClCompile Include="P00_SkinnedMesh.cpp">
      <Filter>01. MainGame\00. Heenam\01. MultiAnimation\01. SkinnedMesh</Filter>
    </ClCompile>
    <ClCompile Include="P00_SkinnedMeshInstance.cpp">
      <Filter>01. MainGame\00. Heenam\01. MultiAnimation\01. SkinnedMesh</Filter>
    </ClCompile>
    <ClCompile Include="P00_SkinnedMeshPure.cpp">
      <Filter>01. MainGame\00. Heenam\01. MultiAnimation\01. SkinnedMesh</Filter>
    </ClCompile>
    <ClCompile Include="P00_MultiAnimationUnit.cpp">
      <Filter>01. MainGame\00. Heenam\01. MultiAnimation\01. SkinnedMesh</Filter>
    </ClCompile>
    <ClCompile Include="P00_AllocateHierarchy.cpp">
      <Filter>01. MainGame\00. Heenam\01. MultiAnimation\00. AllocateHierarchy</Filter>
    </ClCompile>
    <ClCompile Include="P00_TestShaderBase.cpp">
      <Filter>01. MainGame\00. Heenam\00. Test\03. Shader\00. ShaderBase</Filter>
    </ClCompile>
    <ClCompile Include="P00_TestShaderText.cpp">
      <Filter>01. MainGame\00. Heenam\00. Test\03. Shader\00. ShaderBase</Filter>
    </ClCompile>
    <ClCompile Include="P00_TestShaderMapping.cpp">
      <Filter>01. MainGame\00. Heenam\00. Test\03. Shader\00. ShaderBase</Filter>
    </ClCompile>
    <ClCompile Include="P00_TestSplatting.cpp">
      <Filter>01. MainGame\00. Heenam\00. Test\04. HeightMap</Filter>
    </ClCompile>
    <ClCompile Include="P00_TestAlphaTexture.cpp">
      <Filter>01. MainGame\00. Heenam\00. Test\04. HeightMap</Filter>
    </ClCompile>
    <ClCompile Include="TextureManager.cpp">
      <Filter>00. 3DFramework\05. Texture</Filter>
    </ClCompile>
    <ClCompile Include="Texture.cpp">
      <Filter>00. 3DFramework\05. Texture</Filter>
    </ClCompile>
    <ClCompile Include="P02_UIButtonScene.cpp">
      <Filter>01. MainGame\02. Hyunsik</Filter>
    </ClCompile>
    <ClCompile Include="P02_PlayerStat.cpp">
      <Filter>01. MainGame\02. Hyunsik\01. PlayerStat</Filter>
    </ClCompile>
    <ClCompile Include="P02_ItemBase.cpp">
      <Filter>01. MainGame\02. Hyunsik\02. Item</Filter>
    </ClCompile>
    <ClCompile Include="P01_StartMenuScene.cpp">
      <Filter>01. MainGame\01. Junseo\00.StartScene</Filter>
    </ClCompile>
    <ClCompile Include="P01_LoadingScene.cpp">
      <Filter>01. MainGame\01. Junseo\01.LoadingSecne</Filter>
    </ClCompile>
    <ClCompile Include="P02_UIButton.cpp">
      <Filter>01. MainGame\02. Hyunsik\00. UI</Filter>
    </ClCompile>
    <ClCompile Include="P02_Loading.cpp">
      <Filter>01. MainGame\02. Hyunsik\03.Loading</Filter>
    </ClCompile>
    <ClCompile Include="P02_Progressbar.cpp">
      <Filter>01. MainGame\02. Hyunsik\04.Progressbar</Filter>
    </ClCompile>
    <ClCompile Include="P02_UISroll.cpp">
      <Filter>01. MainGame\02. Hyunsik\00. UI</Filter>
    </ClCompile>
  </ItemGroup>
  <ItemGroup>
    <ResourceCompile Include="HJHDirectX.rc">
      <Filter>000. 리소스 파일</Filter>
    </ResourceCompile>
  </ItemGroup>
  <ItemGroup>
    <Image Include="small.ico">
      <Filter>000. 리소스 파일</Filter>
    </Image>
    <Image Include="HJHDirectX.ico">
      <Filter>000. 리소스 파일</Filter>
    </Image>
  </ItemGroup>
</Project>